// !$*UTF8*$!
{
	archiveVersion = 1;
	classes = {
	};
	objectVersion = 46;
	objects = {

/* Begin PBXBuildFile section */
		4D7048AB1EFB5FB700F91B17 /* main.m in Sources */ = {isa = PBXBuildFile; fileRef = 4D7048AA1EFB5FB700F91B17 /* main.m */; };
		4D7048AE1EFB5FB700F91B17 /* AppDelegate.m in Sources */ = {isa = PBXBuildFile; fileRef = 4D7048AD1EFB5FB700F91B17 /* AppDelegate.m */; };
		4D7048B11EFB5FB700F91B17 /* ViewController.m in Sources */ = {isa = PBXBuildFile; fileRef = 4D7048B01EFB5FB700F91B17 /* ViewController.m */; };
		4D7048B41EFB5FB700F91B17 /* Main.storyboard in Resources */ = {isa = PBXBuildFile; fileRef = 4D7048B21EFB5FB700F91B17 /* Main.storyboard */; };
		4D7048B61EFB5FB700F91B17 /* Assets.xcassets in Resources */ = {isa = PBXBuildFile; fileRef = 4D7048B51EFB5FB700F91B17 /* Assets.xcassets */; };
		4D7048B91EFB5FB700F91B17 /* LaunchScreen.storyboard in Resources */ = {isa = PBXBuildFile; fileRef = 4D7048B71EFB5FB700F91B17 /* LaunchScreen.storyboard */; };
		4DB309461EC474A900D8FE54 /* main.m in Sources */ = {isa = PBXBuildFile; fileRef = 4DB309451EC474A900D8FE54 /* main.m */; };
		4DB309491EC474A900D8FE54 /* AppDelegate.m in Sources */ = {isa = PBXBuildFile; fileRef = 4DB309481EC474A900D8FE54 /* AppDelegate.m */; };
		4DB3094C1EC474A900D8FE54 /* ViewController.m in Sources */ = {isa = PBXBuildFile; fileRef = 4DB3094B1EC474A900D8FE54 /* ViewController.m */; };
		4DB3094F1EC474A900D8FE54 /* Main.storyboard in Resources */ = {isa = PBXBuildFile; fileRef = 4DB3094D1EC474A900D8FE54 /* Main.storyboard */; };
		4DB309511EC474A900D8FE54 /* Assets.xcassets in Resources */ = {isa = PBXBuildFile; fileRef = 4DB309501EC474A900D8FE54 /* Assets.xcassets */; };
		4DB309541EC474A900D8FE54 /* LaunchScreen.storyboard in Resources */ = {isa = PBXBuildFile; fileRef = 4DB309521EC474A900D8FE54 /* LaunchScreen.storyboard */; };
/* End PBXBuildFile section */

/* Begin PBXFileReference section */
		4D7048A71EFB5FB700F91B17 /* OpenAppO.app */ = {isa = PBXFileReference; explicitFileType = wrapper.application; includeInIndex = 0; path = OpenAppO.app; sourceTree = BUILT_PRODUCTS_DIR; };
		4D7048AA1EFB5FB700F91B17 /* main.m */ = {isa = PBXFileReference; lastKnownFileType = sourcecode.c.objc; path = main.m; sourceTree = "<group>"; };
		4D7048AC1EFB5FB700F91B17 /* AppDelegate.h */ = {isa = PBXFileReference; lastKnownFileType = sourcecode.c.h; path = AppDelegate.h; sourceTree = "<group>"; };
		4D7048AD1EFB5FB700F91B17 /* AppDelegate.m */ = {isa = PBXFileReference; lastKnownFileType = sourcecode.c.objc; path = AppDelegate.m; sourceTree = "<group>"; };
		4D7048AF1EFB5FB700F91B17 /* ViewController.h */ = {isa = PBXFileReference; lastKnownFileType = sourcecode.c.h; path = ViewController.h; sourceTree = "<group>"; };
		4D7048B01EFB5FB700F91B17 /* ViewController.m */ = {isa = PBXFileReference; lastKnownFileType = sourcecode.c.objc; path = ViewController.m; sourceTree = "<group>"; };
		4D7048B31EFB5FB700F91B17 /* Base */ = {isa = PBXFileReference; lastKnownFileType = file.storyboard; name = Base; path = Base.lproj/Main.storyboard; sourceTree = "<group>"; };
		4D7048B51EFB5FB700F91B17 /* Assets.xcassets */ = {isa = PBXFileReference; lastKnownFileType = folder.assetcatalog; path = Assets.xcassets; sourceTree = "<group>"; };
		4D7048B81EFB5FB700F91B17 /* Base */ = {isa = PBXFileReference; lastKnownFileType = file.storyboard; name = Base; path = Base.lproj/LaunchScreen.storyboard; sourceTree = "<group>"; };
		4D7048BA1EFB5FB700F91B17 /* Info.plist */ = {isa = PBXFileReference; lastKnownFileType = text.plist.xml; path = Info.plist; sourceTree = "<group>"; };
		4DB309411EC474A900D8FE54 /* OpenApp.app */ = {isa = PBXFileReference; explicitFileType = wrapper.application; includeInIndex = 0; path = OpenApp.app; sourceTree = BUILT_PRODUCTS_DIR; };
		4DB309451EC474A900D8FE54 /* main.m */ = {isa = PBXFileReference; lastKnownFileType = sourcecode.c.objc; path = main.m; sourceTree = "<group>"; };
		4DB309471EC474A900D8FE54 /* AppDelegate.h */ = {isa = PBXFileReference; lastKnownFileType = sourcecode.c.h; path = AppDelegate.h; sourceTree = "<group>"; };
		4DB309481EC474A900D8FE54 /* AppDelegate.m */ = {isa = PBXFileReference; lastKnownFileType = sourcecode.c.objc; path = AppDelegate.m; sourceTree = "<group>"; };
		4DB3094A1EC474A900D8FE54 /* ViewController.h */ = {isa = PBXFileReference; lastKnownFileType = sourcecode.c.h; path = ViewController.h; sourceTree = "<group>"; };
		4DB3094B1EC474A900D8FE54 /* ViewController.m */ = {isa = PBXFileReference; lastKnownFileType = sourcecode.c.objc; path = ViewController.m; sourceTree = "<group>"; };
		4DB3094E1EC474A900D8FE54 /* Base */ = {isa = PBXFileReference; lastKnownFileType = file.storyboard; name = Base; path = Base.lproj/Main.storyboard; sourceTree = "<group>"; };
		4DB309501EC474A900D8FE54 /* Assets.xcassets */ = {isa = PBXFileReference; lastKnownFileType = folder.assetcatalog; path = Assets.xcassets; sourceTree = "<group>"; };
		4DB309531EC474A900D8FE54 /* Base */ = {isa = PBXFileReference; lastKnownFileType = file.storyboard; name = Base; path = Base.lproj/LaunchScreen.storyboard; sourceTree = "<group>"; };
		4DB309551EC474A900D8FE54 /* Info.plist */ = {isa = PBXFileReference; lastKnownFileType = text.plist.xml; path = Info.plist; sourceTree = "<group>"; };
/* End PBXFileReference section */

/* Begin PBXFrameworksBuildPhase section */
		4D7048A41EFB5FB700F91B17 /* Frameworks */ = {
			isa = PBXFrameworksBuildPhase;
			buildActionMask = 2147483647;
			files = (
			);
			runOnlyForDeploymentPostprocessing = 0;
		};
		4DB3093E1EC474A900D8FE54 /* Frameworks */ = {
			isa = PBXFrameworksBuildPhase;
			buildActionMask = 2147483647;
			files = (
			);
			runOnlyForDeploymentPostprocessing = 0;
		};
/* End PBXFrameworksBuildPhase section */

/* Begin PBXGroup section */
		4D7048A81EFB5FB700F91B17 /* OpenAppO */ = {
			isa = PBXGroup;
			children = (
				4D7048AC1EFB5FB700F91B17 /* AppDelegate.h */,
				4D7048AD1EFB5FB700F91B17 /* AppDelegate.m */,
				4D7048AF1EFB5FB700F91B17 /* ViewController.h */,
				4D7048B01EFB5FB700F91B17 /* ViewController.m */,
				4D7048B21EFB5FB700F91B17 /* Main.storyboard */,
				4D7048B51EFB5FB700F91B17 /* Assets.xcassets */,
				4D7048B71EFB5FB700F91B17 /* LaunchScreen.storyboard */,
				4D7048BA1EFB5FB700F91B17 /* Info.plist */,
				4D7048A91EFB5FB700F91B17 /* Supporting Files */,
			);
			path = OpenAppO;
			sourceTree = "<group>";
		};
		4D7048A91EFB5FB700F91B17 /* Supporting Files */ = {
			isa = PBXGroup;
			children = (
				4D7048AA1EFB5FB700F91B17 /* main.m */,
			);
			name = "Supporting Files";
			sourceTree = "<group>";
		};
		4DB309381EC474A900D8FE54 = {
			isa = PBXGroup;
			children = (
				4DB309431EC474A900D8FE54 /* OpenApp */,
				4D7048A81EFB5FB700F91B17 /* OpenAppO */,
				4DB309421EC474A900D8FE54 /* Products */,
			);
			sourceTree = "<group>";
		};
		4DB309421EC474A900D8FE54 /* Products */ = {
			isa = PBXGroup;
			children = (
				4DB309411EC474A900D8FE54 /* OpenApp.app */,
				4D7048A71EFB5FB700F91B17 /* OpenAppO.app */,
			);
			name = Products;
			sourceTree = "<group>";
		};
		4DB309431EC474A900D8FE54 /* OpenApp */ = {
			isa = PBXGroup;
			children = (
				4DB309471EC474A900D8FE54 /* AppDelegate.h */,
				4DB309481EC474A900D8FE54 /* AppDelegate.m */,
				4DB3094A1EC474A900D8FE54 /* ViewController.h */,
				4DB3094B1EC474A900D8FE54 /* ViewController.m */,
				4DB3094D1EC474A900D8FE54 /* Main.storyboard */,
				4DB309501EC474A900D8FE54 /* Assets.xcassets */,
				4DB309521EC474A900D8FE54 /* LaunchScreen.storyboard */,
				4DB309551EC474A900D8FE54 /* Info.plist */,
				4DB309441EC474A900D8FE54 /* Supporting Files */,
			);
			path = OpenApp;
			sourceTree = "<group>";
		};
		4DB309441EC474A900D8FE54 /* Supporting Files */ = {
			isa = PBXGroup;
			children = (
				4DB309451EC474A900D8FE54 /* main.m */,
			);
			name = "Supporting Files";
			sourceTree = "<group>";
		};
/* End PBXGroup section */

/* Begin PBXNativeTarget section */
		4D7048A61EFB5FB700F91B17 /* OpenAppO */ = {
			isa = PBXNativeTarget;
			buildConfigurationList = 4D7048BD1EFB5FB700F91B17 /* Build configuration list for PBXNativeTarget "OpenAppO" */;
			buildPhases = (
				4D7048A31EFB5FB700F91B17 /* Sources */,
				4D7048A41EFB5FB700F91B17 /* Frameworks */,
				4D7048A51EFB5FB700F91B17 /* Resources */,
			);
			buildRules = (
			);
			dependencies = (
			);
			name = OpenAppO;
			productName = OpenAppO;
			productReference = 4D7048A71EFB5FB700F91B17 /* OpenAppO.app */;
			productType = "com.apple.product-type.application";
		};
		4DB309401EC474A900D8FE54 /* OpenApp */ = {
			isa = PBXNativeTarget;
			buildConfigurationList = 4DB309581EC474A900D8FE54 /* Build configuration list for PBXNativeTarget "OpenApp" */;
			buildPhases = (
				4DB3093D1EC474A900D8FE54 /* Sources */,
				4DB3093E1EC474A900D8FE54 /* Frameworks */,
				4DB3093F1EC474A900D8FE54 /* Resources */,
			);
			buildRules = (
			);
			dependencies = (
			);
			name = OpenApp;
			productName = OpenApp;
			productReference = 4DB309411EC474A900D8FE54 /* OpenApp.app */;
			productType = "com.apple.product-type.application";
		};
/* End PBXNativeTarget section */

/* Begin PBXProject section */
		4DB309391EC474A900D8FE54 /* Project object */ = {
			isa = PBXProject;
			attributes = {
				LastUpgradeCheck = 0830;
				ORGANIZATIONNAME = "安宁";
				TargetAttributes = {
					4D7048A61EFB5FB700F91B17 = {
						CreatedOnToolsVersion = 8.3;
						DevelopmentTeam = 8429SBRZW5;
						ProvisioningStyle = Automatic;
					};
					4DB309401EC474A900D8FE54 = {
						CreatedOnToolsVersion = 8.3;
						DevelopmentTeam = 8429SBRZW5;
						ProvisioningStyle = Automatic;
					};
				};
			};
			buildConfigurationList = 4DB3093C1EC474A900D8FE54 /* Build configuration list for PBXProject "OpenApp" */;
			compatibilityVersion = "Xcode 3.2";
			developmentRegion = English;
			hasScannedForEncodings = 0;
			knownRegions = (
				en,
				Base,
			);
			mainGroup = 4DB309381EC474A900D8FE54;
			productRefGroup = 4DB309421EC474A900D8FE54 /* Products */;
			projectDirPath = "";
			projectRoot = "";
			targets = (
				4DB309401EC474A900D8FE54 /* OpenApp */,
				4D7048A61EFB5FB700F91B17 /* OpenAppO */,
			);
		};
/* End PBXProject section */

/* Begin PBXResourcesBuildPhase section */
		4D7048A51EFB5FB700F91B17 /* Resources */ = {
			isa = PBXResourcesBuildPhase;
			buildActionMask = 2147483647;
			files = (
				4D7048B91EFB5FB700F91B17 /* LaunchScreen.storyboard in Resources */,
				4D7048B61EFB5FB700F91B17 /* Assets.xcassets in Resources */,
				4D7048B41EFB5FB700F91B17 /* Main.storyboard in Resources */,
			);
			runOnlyForDeploymentPostprocessing = 0;
		};
		4DB3093F1EC474A900D8FE54 /* Resources */ = {
			isa = PBXResourcesBuildPhase;
			buildActionMask = 2147483647;
			files = (
				4DB309541EC474A900D8FE54 /* LaunchScreen.storyboard in Resources */,
				4DB309511EC474A900D8FE54 /* Assets.xcassets in Resources */,
				4DB3094F1EC474A900D8FE54 /* Main.storyboard in Resources */,
			);
			runOnlyForDeploymentPostprocessing = 0;
		};
/* End PBXResourcesBuildPhase section */

/* Begin PBXSourcesBuildPhase section */
		4D7048A31EFB5FB700F91B17 /* Sources */ = {
			isa = PBXSourcesBuildPhase;
			buildActionMask = 2147483647;
			files = (
				4D7048B11EFB5FB700F91B17 /* ViewController.m in Sources */,
				4D7048AE1EFB5FB700F91B17 /* AppDelegate.m in Sources */,
				4D7048AB1EFB5FB700F91B17 /* main.m in Sources */,
			);
			runOnlyForDeploymentPostprocessing = 0;
		};
		4DB3093D1EC474A900D8FE54 /* Sources */ = {
			isa = PBXSourcesBuildPhase;
			buildActionMask = 2147483647;
			files = (
				4DB3094C1EC474A900D8FE54 /* ViewController.m in Sources */,
				4DB309491EC474A900D8FE54 /* AppDelegate.m in Sources */,
				4DB309461EC474A900D8FE54 /* main.m in Sources */,
			);
			runOnlyForDeploymentPostprocessing = 0;
		};
/* End PBXSourcesBuildPhase section */

/* Begin PBXVariantGroup section */
		4D7048B21EFB5FB700F91B17 /* Main.storyboard */ = {
			isa = PBXVariantGroup;
			children = (
				4D7048B31EFB5FB700F91B17 /* Base */,
			);
			name = Main.storyboard;
			sourceTree = "<group>";
		};
		4D7048B71EFB5FB700F91B17 /* LaunchScreen.storyboard */ = {
			isa = PBXVariantGroup;
			children = (
				4D7048B81EFB5FB700F91B17 /* Base */,
			);
			name = LaunchScreen.storyboard;
			sourceTree = "<group>";
		};
		4DB3094D1EC474A900D8FE54 /* Main.storyboard */ = {
			isa = PBXVariantGroup;
			children = (
				4DB3094E1EC474A900D8FE54 /* Base */,
			);
			name = Main.storyboard;
			sourceTree = "<group>";
		};
		4DB309521EC474A900D8FE54 /* LaunchScreen.storyboard */ = {
			isa = PBXVariantGroup;
			children = (
				4DB309531EC474A900D8FE54 /* Base */,
			);
			name = LaunchScreen.storyboard;
			sourceTree = "<group>";
		};
/* End PBXVariantGroup section */

/* Begin XCBuildConfiguration section */
		4D7048BB1EFB5FB700F91B17 /* Debug */ = {
			isa = XCBuildConfiguration;
			buildSettings = {
				ASSETCATALOG_COMPILER_APPICON_NAME = AppIcon;
				"CODE_SIGN_IDENTITY[sdk=iphoneos*]" = "iPhone Developer";
				DEVELOPMENT_TEAM = 8429SBRZW5;
				INFOPLIST_FILE = OpenAppO/Info.plist;
				IPHONEOS_DEPLOYMENT_TARGET = 8.0;
				LD_RUNPATH_SEARCH_PATHS = "$(inherited) @executable_path/Frameworks";
				PRODUCT_BUNDLE_IDENTIFIER = anningOpenAppO;
				PRODUCT_NAME = "$(TARGET_NAME)";
				PROVISIONING_PROFILE_SPECIFIER = "";
			};
			name = Debug;
		};
		4D7048BC1EFB5FB700F91B17 /* Release */ = {
			isa = XCBuildConfiguration;
			buildSettings = {
				ASSETCATALOG_COMPILER_APPICON_NAME = AppIcon;
				"CODE_SIGN_IDENTITY[sdk=iphoneos*]" = "iPhone Developer";
				DEVELOPMENT_TEAM = 8429SBRZW5;
				INFOPLIST_FILE = OpenAppO/Info.plist;
				IPHONEOS_DEPLOYMENT_TARGET = 8.0;
				LD_RUNPATH_SEARCH_PATHS = "$(inherited) @executable_path/Frameworks";
				PRODUCT_BUNDLE_IDENTIFIER = anningOpenAppO;
				PRODUCT_NAME = "$(TARGET_NAME)";
				PROVISIONING_PROFILE_SPECIFIER = "";
			};
			name = Release;
		};
		4DB309561EC474A900D8FE54 /* Debug */ = {
			isa = XCBuildConfiguration;
			buildSettings = {
				ALWAYS_SEARCH_USER_PATHS = NO;
				CLANG_ANALYZER_NONNULL = YES;
				CLANG_ANALYZER_NUMBER_OBJECT_CONVERSION = YES_AGGRESSIVE;
				CLANG_CXX_LANGUAGE_STANDARD = "gnu++0x";
				CLANG_CXX_LIBRARY = "libc++";
				CLANG_ENABLE_MODULES = YES;
				CLANG_ENABLE_OBJC_ARC = YES;
				CLANG_WARN_BOOL_CONVERSION = YES;
				CLANG_WARN_CONSTANT_CONVERSION = YES;
				CLANG_WARN_DIRECT_OBJC_ISA_USAGE = YES_ERROR;
				CLANG_WARN_DOCUMENTATION_COMMENTS = YES;
				CLANG_WARN_EMPTY_BODY = YES;
				CLANG_WARN_ENUM_CONVERSION = YES;
				CLANG_WARN_INFINITE_RECURSION = YES;
				CLANG_WARN_INT_CONVERSION = YES;
				CLANG_WARN_OBJC_ROOT_CLASS = YES_ERROR;
				CLANG_WARN_SUSPICIOUS_MOVE = YES;
				CLANG_WARN_UNREACHABLE_CODE = YES;
				CLANG_WARN__DUPLICATE_METHOD_MATCH = YES;
				"CODE_SIGN_IDENTITY[sdk=iphoneos*]" = "iPhone Developer";
				COPY_PHASE_STRIP = NO;
				DEBUG_INFORMATION_FORMAT = dwarf;
				ENABLE_STRICT_OBJC_MSGSEND = YES;
				ENABLE_TESTABILITY = YES;
				GCC_C_LANGUAGE_STANDARD = gnu99;
				GCC_DYNAMIC_NO_PIC = NO;
				GCC_NO_COMMON_BLOCKS = YES;
				GCC_OPTIMIZATION_LEVEL = 0;
				GCC_PREPROCESSOR_DEFINITIONS = (
					"DEBUG=1",
					"$(inherited)",
				);
				GCC_WARN_64_TO_32_BIT_CONVERSION = YES;
				GCC_WARN_ABOUT_RETURN_TYPE = YES_ERROR;
				GCC_WARN_UNDECLARED_SELECTOR = YES;
				GCC_WARN_UNINITIALIZED_AUTOS = YES_AGGRESSIVE;
				GCC_WARN_UNUSED_FUNCTION = YES;
				GCC_WARN_UNUSED_VARIABLE = YES;
				IPHONEOS_DEPLOYMENT_TARGET = 10.3;
				MTL_ENABLE_DEBUG_INFO = YES;
				ONLY_ACTIVE_ARCH = YES;
				SDKROOT = iphoneos;
			};
			name = Debug;
		};
		4DB309571EC474A900D8FE54 /* Release */ = {
			isa = XCBuildConfiguration;
			buildSettings = {
				ALWAYS_SEARCH_USER_PATHS = NO;
				CLANG_ANALYZER_NONNULL = YES;
				CLANG_ANALYZER_NUMBER_OBJECT_CONVERSION = YES_AGGRESSIVE;
				CLANG_CXX_LANGUAGE_STANDARD = "gnu++0x";
				CLANG_CXX_LIBRARY = "libc++";
				CLANG_ENABLE_MODULES = YES;
				CLANG_ENABLE_OBJC_ARC = YES;
				CLANG_WARN_BOOL_CONVERSION = YES;
				CLANG_WARN_CONSTANT_CONVERSION = YES;
				CLANG_WARN_DIRECT_OBJC_ISA_USAGE = YES_ERROR;
				CLANG_WARN_DOCUMENTATION_COMMENTS = YES;
				CLANG_WARN_EMPTY_BODY = YES;
				CLANG_WARN_ENUM_CONVERSION = YES;
				CLANG_WARN_INFINITE_RECURSION = YES;
				CLANG_WARN_INT_CONVERSION = YES;
				CLANG_WARN_OBJC_ROOT_CLASS = YES_ERROR;
				CLANG_WARN_SUSPICIOUS_MOVE = YES;
				CLANG_WARN_UNREACHABLE_CODE = YES;
				CLANG_WARN__DUPLICATE_METHOD_MATCH = YES;
				"CODE_SIGN_IDENTITY[sdk=iphoneos*]" = "iPhone Developer";
				COPY_PHASE_STRIP = NO;
				DEBUG_INFORMATION_FORMAT = "dwarf-with-dsym";
				ENABLE_NS_ASSERTIONS = NO;
				ENABLE_STRICT_OBJC_MSGSEND = YES;
				GCC_C_LANGUAGE_STANDARD = gnu99;
				GCC_NO_COMMON_BLOCKS = YES;
				GCC_WARN_64_TO_32_BIT_CONVERSION = YES;
				GCC_WARN_ABOUT_RETURN_TYPE = YES_ERROR;
				GCC_WARN_UNDECLARED_SELECTOR = YES;
				GCC_WARN_UNINITIALIZED_AUTOS = YES_AGGRESSIVE;
				GCC_WARN_UNUSED_FUNCTION = YES;
				GCC_WARN_UNUSED_VARIABLE = YES;
				IPHONEOS_DEPLOYMENT_TARGET = 10.3;
				MTL_ENABLE_DEBUG_INFO = NO;
				SDKROOT = iphoneos;
				VALIDATE_PRODUCT = YES;
			};
			name = Release;
		};
		4DB309591EC474A900D8FE54 /* Debug */ = {
			isa = XCBuildConfiguration;
			buildSettings = {
				ASSETCATALOG_COMPILER_APPICON_NAME = AppIcon;
				"CODE_SIGN_IDENTITY[sdk=iphoneos*]" = "iPhone Developer";
				DEVELOPMENT_TEAM = 8429SBRZW5;
				INFOPLIST_FILE = OpenApp/Info.plist;
				IPHONEOS_DEPLOYMENT_TARGET = 8.0;
				LD_RUNPATH_SEARCH_PATHS = "$(inherited) @executable_path/Frameworks";
				PRODUCT_BUNDLE_IDENTIFIER = anningOpenApp;
				PRODUCT_NAME = "$(TARGET_NAME)";
				PROVISIONING_PROFILE_SPECIFIER = "";
			};
			name = Debug;
		};
		4DB3095A1EC474A900D8FE54 /* Release */ = {
			isa = XCBuildConfiguration;
			buildSettings = {
				ASSETCATALOG_COMPILER_APPICON_NAME = AppIcon;
				"CODE_SIGN_IDENTITY[sdk=iphoneos*]" = "iPhone Developer";
				DEVELOPMENT_TEAM = 8429SBRZW5;
				INFOPLIST_FILE = OpenApp/Info.plist;
				IPHONEOS_DEPLOYMENT_TARGET = 8.0;
				LD_RUNPATH_SEARCH_PATHS = "$(inherited) @executable_path/Frameworks";
				PRODUCT_BUNDLE_IDENTIFIER = anningOpenApp;
				PRODUCT_NAME = "$(TARGET_NAME)";
				PROVISIONING_PROFILE_SPECIFIER = "";
			};
			name = Release;
		};
/* End XCBuildConfiguration section */

/* Begin XCConfigurationList section */
		4D7048BD1EFB5FB700F91B17 /* Build configuration list for PBXNativeTarget "OpenAppO" */ = {
			isa = XCConfigurationList;
			buildConfigurations = (
				4D7048BB1EFB5FB700F91B17 /* Debug */,
				4D7048BC1EFB5FB700F91B17 /* Release */,
			);
			defaultConfigurationIsVisible = 0;
			defaultConfigurationName = Release;
		};
		4DB3093C1EC474A900D8FE54 /* Build configuration list for PBXProject "OpenApp" */ = {
			isa = XCConfigurationList;
			buildConfigurations = (
				4DB309561EC474A900D8FE54 /* Debug */,
				4DB309571EC474A900D8FE54 /* Release */,
			);
			defaultConfigurationIsVisible = 0;
			defaultConfigurationName = Release;
		};
		4DB309581EC474A900D8FE54 /* Build configuration list for PBXNativeTarget "OpenApp" */ = {
			isa = XCConfigurationList;
			buildConfigurations = (
				4DB309591EC474A900D8FE54 /* Debug */,
				4DB3095A1EC474A900D8FE54 /* Release */,
			);
			defaultConfigurationIsVisible = 0;
			defaultConfigurationName = Release;
		};
/* End XCConfigurationList section */
	};
	rootObject = 4DB309391EC474A900D8FE54 /* Project object */;
}
